
Microsoft Visual Studio Solution File, Format Version 12.00
# Visual Studio Version 17
VisualStudioVersion = 17.6.33417.168
MinimumVisualStudioVersion = 10.0.40219.1
Project("{FAE04EC0-301F-11D3-BF4B-00C04F79EFBC}") = "Prime Number", "Prime Number\Prime Number.csproj", "{CD4E2742-3F58-4033-A96B-CB59D6B25282}"
EndProject
Global
	GlobalSection(SolutionConfigurationPlatforms) = preSolution
		Debug|Any CPU = Debug|Any CPU
		Release|Any CPU = Release|Any CPU
	EndGlobalSection
	GlobalSection(ProjectConfigurationPlatforms) = postSolution
		{CD4E2742-3F58-4033-A96B-CB59D6B25282}.Debug|Any CPU.ActiveCfg = Debug|Any CPU
		{CD4E2742-3F58-4033-A96B-CB59D6B25282}.Debug|Any CPU.Build.0 = Debug|Any CPU
		{CD4E2742-3F58-4033-A96B-CB59D6B25282}.Release|Any CPU.ActiveCfg = Release|Any CPU
		{CD4E2742-3F58-4033-A96B-CB59D6B25282}.Release|Any CPU.Build.0 = Release|Any CPU
	EndGlobalSection
	GlobalSection(SolutionProperties) = preSolution
		HideSolutionNode = FALSE
	EndGlobalSection
	GlobalSection(ExtensibilityGlobals) = postSolution
		SolutionGuid = {63558145-37F4-4C5E-A193-6F45CA950709}
	EndGlobalSection
EndGlobal
